
Microsoft Visual Studio Solution File, Format Version 12.00
# Visual Studio Version 17
VisualStudioVersion = 17.1.32319.34
MinimumVisualStudioVersion = 10.0.40219.1
Project("{2150E333-8FDC-42A3-9474-1A3956D46DE8}") = "SOLID", "SOLID", "{9E460BC8-A09E-4C1F-930B-8BC4457BB848}"
EndProject
Project("{9A19103F-16F7-4668-BE54-9A1E7A4F7556}") = "SOLID.SingleResponsibilityPrinciple", "SOLID.SingleResponsibilityPrinciple\SOLID.SingleResponsibilityPrinciple.csproj", "{9091DCF9-36C7-4386-96F2-A3E6FC29AE80}"
EndProject
Project("{9A19103F-16F7-4668-BE54-9A1E7A4F7556}") = "SOLID.OpenClosedPrinciple", "SOLID.OpenClosedPrinciple\SOLID.OpenClosedPrinciple.csproj", "{BC09960F-2A4E-4838-AC4E-17BA3637E281}"
EndProject
Project("{9A19103F-16F7-4668-BE54-9A1E7A4F7556}") = "SOLID.LiskovSubstitutionPrinciple", "SOLID.LiskovSubstitutionPrinciple\SOLID.LiskovSubstitutionPrinciple.csproj", "{9C332302-1486-44C7-AFD9-A90E987FFDF8}"
EndProject
Project("{9A19103F-16F7-4668-BE54-9A1E7A4F7556}") = "SOLID.InterfaceSegregationPrinciple", "SOLID.InterfaceSegregationPrinciple\SOLID.InterfaceSegregationPrinciple.csproj", "{AC3B0D90-884C-4096-9D10-32670DCE9BA1}"
EndProject
Project("{9A19103F-16F7-4668-BE54-9A1E7A4F7556}") = "SOLID.DependencyInversionPrinciple", "SOLID.DependencyInversionPrinciple\SOLID.DependencyInversionPrinciple.csproj", "{61D77179-E828-47B8-AB6B-977087D75865}"
EndProject
Project("{2150E333-8FDC-42A3-9474-1A3956D46DE8}") = "Creational", "Creational", "{F2A73A53-A3E2-4C93-AB41-BDB41F5A1EBA}"
EndProject
Project("{9A19103F-16F7-4668-BE54-9A1E7A4F7556}") = "Creational.AbstractFactory", "Creational.AbstractFactory\Creational.AbstractFactory.csproj", "{8E481BBD-194A-4525-A676-C25F8F3B35D5}"
EndProject
Project("{9A19103F-16F7-4668-BE54-9A1E7A4F7556}") = "Creational.BuilderInheritance", "Creational.BuilderInheritance\Creational.BuilderInheritance.csproj", "{50ADA9F9-AF3F-4175-85C6-1EC451A81B7C}"
EndProject
Project("{9A19103F-16F7-4668-BE54-9A1E7A4F7556}") = "Creational.CreationalBuilder", "Creational.CreationalBuilder\Creational.CreationalBuilder.csproj", "{7E3F0DB9-33FD-4BC4-8930-F32EBB20A712}"
EndProject
Project("{9A19103F-16F7-4668-BE54-9A1E7A4F7556}") = "Creational.FactoriesFactory", "Creational.FactoriesFactory\Creational.FactoriesFactory.csproj", "{E1370B86-F48E-4C67-9312-7FF7A2C1E862}"
EndProject
Project("{9A19103F-16F7-4668-BE54-9A1E7A4F7556}") = "Creational.FunctionalBuilder", "Creational.FunctionalBuilder\Creational.FunctionalBuilder.csproj", "{2A423297-6D10-44B6-BE6C-54DD6DDB6963}"
EndProject
Project("{9A19103F-16F7-4668-BE54-9A1E7A4F7556}") = "Creational.PrototypeICloneableIsBad", "Creational.PrototypeICloneableIsBad\Creational.PrototypeICloneableIsBad.csproj", "{9B8A2220-8D46-4A03-BA50-B68DF3FF5DBD}"
EndProject
Project("{2150E333-8FDC-42A3-9474-1A3956D46DE8}") = "Behavioral", "Behavioral", "{BAEEC3F4-C420-4B7E-8F38-C22AD9883211}"
EndProject
Project("{9A19103F-16F7-4668-BE54-9A1E7A4F7556}") = "Behavioral.Mediator", "Behavioral.Mediator\Behavioral.Mediator.csproj", "{AFF6E597-1148-4EF2-9F22-5547A6B122C5}"
EndProject
Project("{9A19103F-16F7-4668-BE54-9A1E7A4F7556}") = "Creational.Builder", "Creational.Builder\Creational.Builder.csproj", "{D10D5C28-8586-4A28-A914-03D6BBC3C392}"
EndProject
Project("{2150E333-8FDC-42A3-9474-1A3956D46DE8}") = "Structural", "Structural", "{806B5095-44B0-4F70-A58B-725AA5B6FDB5}"
EndProject
Project("{9A19103F-16F7-4668-BE54-9A1E7A4F7556}") = "Structural.Bridge", "Structural.Bridge\Structural.Bridge.csproj", "{DD542D81-F240-4AAF-A08A-0983E30A7970}"
EndProject
Project("{9A19103F-16F7-4668-BE54-9A1E7A4F7556}") = "Behavioral.Observer", "Behavioral.Observer\Behavioral.Observer.csproj", "{35E20811-86CF-4121-8423-0149B0593C4F}"
EndProject
Project("{9A19103F-16F7-4668-BE54-9A1E7A4F7556}") = "Structural.Facade", "Structural.Facade\Structural.Facade.csproj", "{62FDCED3-2BA9-4825-8154-9A454D0A5BBB}"
EndProject
Project("{9A19103F-16F7-4668-BE54-9A1E7A4F7556}") = "Structural.Composite", "Structural.Composite\Structural.Composite.csproj", "{EA0EEC53-439D-4E5C-AD72-131685A9B119}"
EndProject
Project("{FAE04EC0-301F-11D3-BF4B-00C04F79EFBC}") = "Structural.Proxy", "Structural.Proxy\Structural.Proxy.csproj", "{0452D619-77D0-4F4B-861A-6BE992867E8C}"
EndProject
Project("{FAE04EC0-301F-11D3-BF4B-00C04F79EFBC}") = "Behavioral.Command", "Behavioral.Command\Behavioral.Command.csproj", "{95D78197-7994-4E34-AE2C-E617753CFCB5}"
EndProject
Project("{FAE04EC0-301F-11D3-BF4B-00C04F79EFBC}") = "Structural.Adapter", "Structural.Adapter\Structural.Adapter.csproj", "{86BAAA39-0054-41BE-B234-5E5791189FBF}"
EndProject
Global
	GlobalSection(SolutionConfigurationPlatforms) = preSolution
		Debug|Any CPU = Debug|Any CPU
		Release|Any CPU = Release|Any CPU
	EndGlobalSection
	GlobalSection(ProjectConfigurationPlatforms) = postSolution
		{9091DCF9-36C7-4386-96F2-A3E6FC29AE80}.Debug|Any CPU.ActiveCfg = Debug|Any CPU
		{9091DCF9-36C7-4386-96F2-A3E6FC29AE80}.Debug|Any CPU.Build.0 = Debug|Any CPU
		{9091DCF9-36C7-4386-96F2-A3E6FC29AE80}.Release|Any CPU.ActiveCfg = Release|Any CPU
		{9091DCF9-36C7-4386-96F2-A3E6FC29AE80}.Release|Any CPU.Build.0 = Release|Any CPU
		{BC09960F-2A4E-4838-AC4E-17BA3637E281}.Debug|Any CPU.ActiveCfg = Debug|Any CPU
		{BC09960F-2A4E-4838-AC4E-17BA3637E281}.Debug|Any CPU.Build.0 = Debug|Any CPU
		{BC09960F-2A4E-4838-AC4E-17BA3637E281}.Release|Any CPU.ActiveCfg = Release|Any CPU
		{BC09960F-2A4E-4838-AC4E-17BA3637E281}.Release|Any CPU.Build.0 = Release|Any CPU
		{9C332302-1486-44C7-AFD9-A90E987FFDF8}.Debug|Any CPU.ActiveCfg = Debug|Any CPU
		{9C332302-1486-44C7-AFD9-A90E987FFDF8}.Debug|Any CPU.Build.0 = Debug|Any CPU
		{9C332302-1486-44C7-AFD9-A90E987FFDF8}.Release|Any CPU.ActiveCfg = Release|Any CPU
		{9C332302-1486-44C7-AFD9-A90E987FFDF8}.Release|Any CPU.Build.0 = Release|Any CPU
		{AC3B0D90-884C-4096-9D10-32670DCE9BA1}.Debug|Any CPU.ActiveCfg = Debug|Any CPU
		{AC3B0D90-884C-4096-9D10-32670DCE9BA1}.Debug|Any CPU.Build.0 = Debug|Any CPU
		{AC3B0D90-884C-4096-9D10-32670DCE9BA1}.Release|Any CPU.ActiveCfg = Release|Any CPU
		{AC3B0D90-884C-4096-9D10-32670DCE9BA1}.Release|Any CPU.Build.0 = Release|Any CPU
		{61D77179-E828-47B8-AB6B-977087D75865}.Debug|Any CPU.ActiveCfg = Debug|Any CPU
		{61D77179-E828-47B8-AB6B-977087D75865}.Debug|Any CPU.Build.0 = Debug|Any CPU
		{61D77179-E828-47B8-AB6B-977087D75865}.Release|Any CPU.ActiveCfg = Release|Any CPU
		{61D77179-E828-47B8-AB6B-977087D75865}.Release|Any CPU.Build.0 = Release|Any CPU
		{8E481BBD-194A-4525-A676-C25F8F3B35D5}.Debug|Any CPU.ActiveCfg = Debug|Any CPU
		{8E481BBD-194A-4525-A676-C25F8F3B35D5}.Debug|Any CPU.Build.0 = Debug|Any CPU
		{8E481BBD-194A-4525-A676-C25F8F3B35D5}.Release|Any CPU.ActiveCfg = Release|Any CPU
		{8E481BBD-194A-4525-A676-C25F8F3B35D5}.Release|Any CPU.Build.0 = Release|Any CPU
		{50ADA9F9-AF3F-4175-85C6-1EC451A81B7C}.Debug|Any CPU.ActiveCfg = Debug|Any CPU
		{50ADA9F9-AF3F-4175-85C6-1EC451A81B7C}.Debug|Any CPU.Build.0 = Debug|Any CPU
		{50ADA9F9-AF3F-4175-85C6-1EC451A81B7C}.Release|Any CPU.ActiveCfg = Release|Any CPU
		{50ADA9F9-AF3F-4175-85C6-1EC451A81B7C}.Release|Any CPU.Build.0 = Release|Any CPU
		{7E3F0DB9-33FD-4BC4-8930-F32EBB20A712}.Debug|Any CPU.ActiveCfg = Debug|Any CPU
		{7E3F0DB9-33FD-4BC4-8930-F32EBB20A712}.Debug|Any CPU.Build.0 = Debug|Any CPU
		{7E3F0DB9-33FD-4BC4-8930-F32EBB20A712}.Release|Any CPU.ActiveCfg = Release|Any CPU
		{7E3F0DB9-33FD-4BC4-8930-F32EBB20A712}.Release|Any CPU.Build.0 = Release|Any CPU
		{E1370B86-F48E-4C67-9312-7FF7A2C1E862}.Debug|Any CPU.ActiveCfg = Debug|Any CPU
		{E1370B86-F48E-4C67-9312-7FF7A2C1E862}.Debug|Any CPU.Build.0 = Debug|Any CPU
		{E1370B86-F48E-4C67-9312-7FF7A2C1E862}.Release|Any CPU.ActiveCfg = Release|Any CPU
		{E1370B86-F48E-4C67-9312-7FF7A2C1E862}.Release|Any CPU.Build.0 = Release|Any CPU
		{2A423297-6D10-44B6-BE6C-54DD6DDB6963}.Debug|Any CPU.ActiveCfg = Debug|Any CPU
		{2A423297-6D10-44B6-BE6C-54DD6DDB6963}.Debug|Any CPU.Build.0 = Debug|Any CPU
		{2A423297-6D10-44B6-BE6C-54DD6DDB6963}.Release|Any CPU.ActiveCfg = Release|Any CPU
		{2A423297-6D10-44B6-BE6C-54DD6DDB6963}.Release|Any CPU.Build.0 = Release|Any CPU
		{9B8A2220-8D46-4A03-BA50-B68DF3FF5DBD}.Debug|Any CPU.ActiveCfg = Debug|Any CPU
		{9B8A2220-8D46-4A03-BA50-B68DF3FF5DBD}.Debug|Any CPU.Build.0 = Debug|Any CPU
		{9B8A2220-8D46-4A03-BA50-B68DF3FF5DBD}.Release|Any CPU.ActiveCfg = Release|Any CPU
		{9B8A2220-8D46-4A03-BA50-B68DF3FF5DBD}.Release|Any CPU.Build.0 = Release|Any CPU
		{AFF6E597-1148-4EF2-9F22-5547A6B122C5}.Debug|Any CPU.ActiveCfg = Debug|Any CPU
		{AFF6E597-1148-4EF2-9F22-5547A6B122C5}.Debug|Any CPU.Build.0 = Debug|Any CPU
		{AFF6E597-1148-4EF2-9F22-5547A6B122C5}.Release|Any CPU.ActiveCfg = Release|Any CPU
		{AFF6E597-1148-4EF2-9F22-5547A6B122C5}.Release|Any CPU.Build.0 = Release|Any CPU
		{D10D5C28-8586-4A28-A914-03D6BBC3C392}.Debug|Any CPU.ActiveCfg = Debug|Any CPU
		{D10D5C28-8586-4A28-A914-03D6BBC3C392}.Debug|Any CPU.Build.0 = Debug|Any CPU
		{D10D5C28-8586-4A28-A914-03D6BBC3C392}.Release|Any CPU.ActiveCfg = Release|Any CPU
		{D10D5C28-8586-4A28-A914-03D6BBC3C392}.Release|Any CPU.Build.0 = Release|Any CPU
		{DD542D81-F240-4AAF-A08A-0983E30A7970}.Debug|Any CPU.ActiveCfg = Debug|Any CPU
		{DD542D81-F240-4AAF-A08A-0983E30A7970}.Debug|Any CPU.Build.0 = Debug|Any CPU
		{DD542D81-F240-4AAF-A08A-0983E30A7970}.Release|Any CPU.ActiveCfg = Release|Any CPU
		{DD542D81-F240-4AAF-A08A-0983E30A7970}.Release|Any CPU.Build.0 = Release|Any CPU
		{35E20811-86CF-4121-8423-0149B0593C4F}.Debug|Any CPU.ActiveCfg = Debug|Any CPU
		{35E20811-86CF-4121-8423-0149B0593C4F}.Debug|Any CPU.Build.0 = Debug|Any CPU
		{35E20811-86CF-4121-8423-0149B0593C4F}.Release|Any CPU.ActiveCfg = Release|Any CPU
		{35E20811-86CF-4121-8423-0149B0593C4F}.Release|Any CPU.Build.0 = Release|Any CPU
		{62FDCED3-2BA9-4825-8154-9A454D0A5BBB}.Debug|Any CPU.ActiveCfg = Debug|Any CPU
		{62FDCED3-2BA9-4825-8154-9A454D0A5BBB}.Debug|Any CPU.Build.0 = Debug|Any CPU
		{62FDCED3-2BA9-4825-8154-9A454D0A5BBB}.Release|Any CPU.ActiveCfg = Release|Any CPU
		{62FDCED3-2BA9-4825-8154-9A454D0A5BBB}.Release|Any CPU.Build.0 = Release|Any CPU
		{EA0EEC53-439D-4E5C-AD72-131685A9B119}.Debug|Any CPU.ActiveCfg = Debug|Any CPU
		{EA0EEC53-439D-4E5C-AD72-131685A9B119}.Debug|Any CPU.Build.0 = Debug|Any CPU
		{EA0EEC53-439D-4E5C-AD72-131685A9B119}.Release|Any CPU.ActiveCfg = Release|Any CPU
		{EA0EEC53-439D-4E5C-AD72-131685A9B119}.Release|Any CPU.Build.0 = Release|Any CPU
		{0452D619-77D0-4F4B-861A-6BE992867E8C}.Debug|Any CPU.ActiveCfg = Debug|Any CPU
		{0452D619-77D0-4F4B-861A-6BE992867E8C}.Debug|Any CPU.Build.0 = Debug|Any CPU
		{0452D619-77D0-4F4B-861A-6BE992867E8C}.Release|Any CPU.ActiveCfg = Release|Any CPU
		{0452D619-77D0-4F4B-861A-6BE992867E8C}.Release|Any CPU.Build.0 = Release|Any CPU
		{95D78197-7994-4E34-AE2C-E617753CFCB5}.Debug|Any CPU.ActiveCfg = Debug|Any CPU
		{95D78197-7994-4E34-AE2C-E617753CFCB5}.Debug|Any CPU.Build.0 = Debug|Any CPU
		{95D78197-7994-4E34-AE2C-E617753CFCB5}.Release|Any CPU.ActiveCfg = Release|Any CPU
		{95D78197-7994-4E34-AE2C-E617753CFCB5}.Release|Any CPU.Build.0 = Release|Any CPU
		{86BAAA39-0054-41BE-B234-5E5791189FBF}.Debug|Any CPU.ActiveCfg = Debug|Any CPU
		{86BAAA39-0054-41BE-B234-5E5791189FBF}.Debug|Any CPU.Build.0 = Debug|Any CPU
		{86BAAA39-0054-41BE-B234-5E5791189FBF}.Release|Any CPU.ActiveCfg = Release|Any CPU
		{86BAAA39-0054-41BE-B234-5E5791189FBF}.Release|Any CPU.Build.0 = Release|Any CPU
	EndGlobalSection
	GlobalSection(SolutionProperties) = preSolution
		HideSolutionNode = FALSE
	EndGlobalSection
	GlobalSection(NestedProjects) = preSolution
		{9091DCF9-36C7-4386-96F2-A3E6FC29AE80} = {9E460BC8-A09E-4C1F-930B-8BC4457BB848}
		{BC09960F-2A4E-4838-AC4E-17BA3637E281} = {9E460BC8-A09E-4C1F-930B-8BC4457BB848}
		{9C332302-1486-44C7-AFD9-A90E987FFDF8} = {9E460BC8-A09E-4C1F-930B-8BC4457BB848}
		{AC3B0D90-884C-4096-9D10-32670DCE9BA1} = {9E460BC8-A09E-4C1F-930B-8BC4457BB848}
		{61D77179-E828-47B8-AB6B-977087D75865} = {9E460BC8-A09E-4C1F-930B-8BC4457BB848}
		{8E481BBD-194A-4525-A676-C25F8F3B35D5} = {F2A73A53-A3E2-4C93-AB41-BDB41F5A1EBA}
		{50ADA9F9-AF3F-4175-85C6-1EC451A81B7C} = {F2A73A53-A3E2-4C93-AB41-BDB41F5A1EBA}
		{7E3F0DB9-33FD-4BC4-8930-F32EBB20A712} = {F2A73A53-A3E2-4C93-AB41-BDB41F5A1EBA}
		{E1370B86-F48E-4C67-9312-7FF7A2C1E862} = {F2A73A53-A3E2-4C93-AB41-BDB41F5A1EBA}
		{2A423297-6D10-44B6-BE6C-54DD6DDB6963} = {F2A73A53-A3E2-4C93-AB41-BDB41F5A1EBA}
		{9B8A2220-8D46-4A03-BA50-B68DF3FF5DBD} = {F2A73A53-A3E2-4C93-AB41-BDB41F5A1EBA}
		{AFF6E597-1148-4EF2-9F22-5547A6B122C5} = {BAEEC3F4-C420-4B7E-8F38-C22AD9883211}
		{D10D5C28-8586-4A28-A914-03D6BBC3C392} = {F2A73A53-A3E2-4C93-AB41-BDB41F5A1EBA}
		{DD542D81-F240-4AAF-A08A-0983E30A7970} = {806B5095-44B0-4F70-A58B-725AA5B6FDB5}
		{35E20811-86CF-4121-8423-0149B0593C4F} = {BAEEC3F4-C420-4B7E-8F38-C22AD9883211}
		{62FDCED3-2BA9-4825-8154-9A454D0A5BBB} = {806B5095-44B0-4F70-A58B-725AA5B6FDB5}
		{EA0EEC53-439D-4E5C-AD72-131685A9B119} = {806B5095-44B0-4F70-A58B-725AA5B6FDB5}
		{0452D619-77D0-4F4B-861A-6BE992867E8C} = {806B5095-44B0-4F70-A58B-725AA5B6FDB5}
		{95D78197-7994-4E34-AE2C-E617753CFCB5} = {BAEEC3F4-C420-4B7E-8F38-C22AD9883211}
		{86BAAA39-0054-41BE-B234-5E5791189FBF} = {806B5095-44B0-4F70-A58B-725AA5B6FDB5}
	EndGlobalSection
	GlobalSection(ExtensibilityGlobals) = postSolution
		SolutionGuid = {03B4A619-8D4B-4C53-9CA1-BFA896B4A66D}
	EndGlobalSection
EndGlobal
